
Microsoft Visual Studio Solution File, Format Version 12.00
# Visual Studio Version 17
VisualStudioVersion = 17.7.34024.191
MinimumVisualStudioVersion = 10.0.40219.1
Project("{FAE04EC0-301F-11D3-BF4B-00C04F79EFBC}") = "N5", "N5\N5.csproj", "{9D303D29-6F75-4D73-89C1-4DFD0427E9F4}"
EndProject
Global
	GlobalSection(SolutionConfigurationPlatforms) = preSolution
		Debug|Any CPU = Debug|Any CPU
		Release|Any CPU = Release|Any CPU
	EndGlobalSection
	GlobalSection(ProjectConfigurationPlatforms) = postSolution
		{9D303D29-6F75-4D73-89C1-4DFD0427E9F4}.Debug|Any CPU.ActiveCfg = Debug|Any CPU
		{9D303D29-6F75-4D73-89C1-4DFD0427E9F4}.Debug|Any CPU.Build.0 = Debug|Any CPU
		{9D303D29-6F75-4D73-89C1-4DFD0427E9F4}.Release|Any CPU.ActiveCfg = Release|Any CPU
		{9D303D29-6F75-4D73-89C1-4DFD0427E9F4}.Release|Any CPU.Build.0 = Release|Any CPU
	EndGlobalSection
	GlobalSection(SolutionProperties) = preSolution
		HideSolutionNode = FALSE
	EndGlobalSection
	GlobalSection(ExtensibilityGlobals) = postSolution
		SolutionGuid = {0114C4EB-4B17-459D-AF73-096A0FD56EAE}
	EndGlobalSection
EndGlobal
